// !$*UTF8*$!
{
	archiveVersion = 1;
	classes = {
	};
	objectVersion = 46;
	objects = {

/* Begin PBXBuildFile section */
		0E0A35911D27B38200E97B62 /* MBProgressHUD.framework in Frameworks */ = {isa = PBXBuildFile; fileRef = 0E0A35901D27B38200E97B62 /* MBProgressHUD.framework */; };
		0E0A35941D27FDE100E97B62 /* Launch Screen.storyboard in Resources */ = {isa = PBXBuildFile; fileRef = 0E0A35931D27FDE100E97B62 /* Launch Screen.storyboard */; };
		0E1E650C1D2A779C006AC82B /* ZWCollectionTableViewController.m in Sources */ = {isa = PBXBuildFile; fileRef = 0E1E650B1D2A779C006AC82B /* ZWCollectionTableViewController.m */; };
		0E1E650F1D2A784F006AC82B /* ZWCollectionTableCellTableViewCell.m in Sources */ = {isa = PBXBuildFile; fileRef = 0E1E650E1D2A784F006AC82B /* ZWCollectionTableCellTableViewCell.m */; };
		0E4C0A471D20EFD000AFC7CF /* ZWBaseTableViewController.m in Sources */ = {isa = PBXBuildFile; fileRef = 0E4C0A461D20EFD000AFC7CF /* ZWBaseTableViewController.m */; };
		0E4C0A4C1D20F15C00AFC7CF /* ZWHitTestViewController.m in Sources */ = {isa = PBXBuildFile; fileRef = 0E4C0A4B1D20F15C00AFC7CF /* ZWHitTestViewController.m */; };
		0E4C0A4F1D20F27700AFC7CF /* ZWBaseViewController.m in Sources */ = {isa = PBXBuildFile; fileRef = 0E4C0A4E1D20F27700AFC7CF /* ZWBaseViewController.m */; };
		0E4C0A551D2122C100AFC7CF /* ZWAutoLayoutTableViewController.m in Sources */ = {isa = PBXBuildFile; fileRef = 0E4C0A541D2122C100AFC7CF /* ZWAutoLayoutTableViewController.m */; };
		0E4C0A581D21230F00AFC7CF /* ZWCocoaTouchTableViewController.m in Sources */ = {isa = PBXBuildFile; fileRef = 0E4C0A571D21230F00AFC7CF /* ZWCocoaTouchTableViewController.m */; };
		0E51409F1D24C654009672FA /* ZWBaseTableViewCell.m in Sources */ = {isa = PBXBuildFile; fileRef = 0E51409E1D24C654009672FA /* ZWBaseTableViewCell.m */; };
		0E5354541D2362EF00C2ACAA /* ZWTextViewController.m in Sources */ = {isa = PBXBuildFile; fileRef = 0E5354531D2362EF00C2ACAA /* ZWTextViewController.m */; };
		0E53545C1D23A11700C2ACAA /* ZWNetworkTableViewController.m in Sources */ = {isa = PBXBuildFile; fileRef = 0E53545B1D23A11700C2ACAA /* ZWNetworkTableViewController.m */; };
		0E5354631D23A1B600C2ACAA /* ZWURLProtocolController.m in Sources */ = {isa = PBXBuildFile; fileRef = 0E5354621D23A1B600C2ACAA /* ZWURLProtocolController.m */; };
		0E5354671D23A25B00C2ACAA /* ZWHybridPackageProtocol.m in Sources */ = {isa = PBXBuildFile; fileRef = 0E5354661D23A25B00C2ACAA /* ZWHybridPackageProtocol.m */; };
		0E53546A1D23A35700C2ACAA /* ZWHybridPackageFileManager.m in Sources */ = {isa = PBXBuildFile; fileRef = 0E5354691D23A35700C2ACAA /* ZWHybridPackageFileManager.m */; };
		0E53546E1D23A9B500C2ACAA /* ad_page_pc.html in Resources */ = {isa = PBXBuildFile; fileRef = 0E53546D1D23A9B500C2ACAA /* ad_page_pc.html */; };
		0E5354821D23D2C600C2ACAA /* images in Resources */ = {isa = PBXBuildFile; fileRef = 0E5354811D23D2C600C2ACAA /* images */; };
		0E5AF51C1D20E1A1009F9511 /* ZWHitTestView.m in Sources */ = {isa = PBXBuildFile; fileRef = 0E5AF51B1D20E1A1009F9511 /* ZWHitTestView.m */; };
		0E67FDC91D373AD500929ACB /* alices_adventures.md in Resources */ = {isa = PBXBuildFile; fileRef = 0E67FDC51D3739BD00929ACB /* alices_adventures.md */; };
		0E67FDCC1D37675B00929ACB /* CocoaLumberjack.framework in Frameworks */ = {isa = PBXBuildFile; fileRef = 0E67FDCA1D375B2D00929ACB /* CocoaLumberjack.framework */; };
		0E67FDCE1D37675B00929ACB /* CocoaLumberjack.framework in Embed Frameworks */ = {isa = PBXBuildFile; fileRef = 0E67FDCA1D375B2D00929ACB /* CocoaLumberjack.framework */; settings = {ATTRIBUTES = (CodeSignOnCopy, RemoveHeadersOnCopy, ); }; };
		0E67FDD41D376D6400929ACB /* ZWMarkdownParser.m in Sources */ = {isa = PBXBuildFile; fileRef = 0E67FDD31D376D6400929ACB /* ZWMarkdownParser.m */; };
		0E69BAD91D30C1C9006E159E /* ZWCGDrawView.m in Sources */ = {isa = PBXBuildFile; fileRef = 0E69BAD81D30C1C9006E159E /* ZWCGDrawView.m */; };
		0E69BADC1D313590006E159E /* ZWDrawViewController.m in Sources */ = {isa = PBXBuildFile; fileRef = 0E69BADB1D313590006E159E /* ZWDrawViewController.m */; };
		0E7E3B9F1D24D68B00D51178 /* ZWTextKitTableViewController.m in Sources */ = {isa = PBXBuildFile; fileRef = 0E7E3B9E1D24D68B00D51178 /* ZWTextKitTableViewController.m */; };
		0E7E3BA31D24F3B800D51178 /* ZWNote.m in Sources */ = {isa = PBXBuildFile; fileRef = 0E7E3BA21D24F3B800D51178 /* ZWNote.m */; };
		0E7E3BA61D24F42E00D51178 /* ZWTimeIndicatorView.m in Sources */ = {isa = PBXBuildFile; fileRef = 0E7E3BA51D24F42E00D51178 /* ZWTimeIndicatorView.m */; };
		0E7E3BA91D24F81700D51178 /* ZWNoteEditorViewController.m in Sources */ = {isa = PBXBuildFile; fileRef = 0E7E3BA81D24F81700D51178 /* ZWNoteEditorViewController.m */; };
		0E7E3BAC1D25168200D51178 /* ZWSyntaxHighlightTextStorage.m in Sources */ = {isa = PBXBuildFile; fileRef = 0E7E3BAB1D25168200D51178 /* ZWSyntaxHighlightTextStorage.m */; };
		0E8324251D364B3600540D82 /* ZWTextKitTopViewController.m in Sources */ = {isa = PBXBuildFile; fileRef = 0E8324241D364B3600540D82 /* ZWTextKitTopViewController.m */; };
		0E8324281D364C4A00540D82 /* ZWBookViewController.m in Sources */ = {isa = PBXBuildFile; fileRef = 0E8324271D364C4A00540D82 /* ZWBookViewController.m */; };
		0E83242B1D364CD100540D82 /* ZWBookView.m in Sources */ = {isa = PBXBuildFile; fileRef = 0E83242A1D364CD100540D82 /* ZWBookView.m */; };
		0E8E6CBC1D265B3B00579898 /* CoreLocation.framework in Frameworks */ = {isa = PBXBuildFile; fileRef = 0E8E6CBB1D265B3B00579898 /* CoreLocation.framework */; };
		0E8E6CBE1D265B5A00579898 /* QuartzCore.framework in Frameworks */ = {isa = PBXBuildFile; fileRef = 0E8E6CBD1D265B5A00579898 /* QuartzCore.framework */; };
		0E8E6CC01D265B6400579898 /* OpenGLES.framework in Frameworks */ = {isa = PBXBuildFile; fileRef = 0E8E6CBF1D265B6400579898 /* OpenGLES.framework */; };
		0E8E6CC21D265B6B00579898 /* SystemConfiguration.framework in Frameworks */ = {isa = PBXBuildFile; fileRef = 0E8E6CC11D265B6B00579898 /* SystemConfiguration.framework */; };
		0E8E6CC41D265B7800579898 /* CoreGraphics.framework in Frameworks */ = {isa = PBXBuildFile; fileRef = 0E8E6CC31D265B7800579898 /* CoreGraphics.framework */; };
		0E8E6CC61D265B8000579898 /* Security.framework in Frameworks */ = {isa = PBXBuildFile; fileRef = 0E8E6CC51D265B8000579898 /* Security.framework */; };
		0E8E6CC81D265B9F00579898 /* libsqlite3.0.tbd in Frameworks */ = {isa = PBXBuildFile; fileRef = 0E8E6CC71D265B9F00579898 /* libsqlite3.0.tbd */; };
		0E8E6CCA1D265BB000579898 /* CoreTelephony.framework in Frameworks */ = {isa = PBXBuildFile; fileRef = 0E8E6CC91D265BB000579898 /* CoreTelephony.framework */; };
		0E8E6CCC1D265BB900579898 /* libstdc++.6.0.9.tbd in Frameworks */ = {isa = PBXBuildFile; fileRef = 0E8E6CCB1D265BB900579898 /* libstdc++.6.0.9.tbd */; };
		0E8E6CD91D265CD500579898 /* BaiduMapAPI_Base.framework in Frameworks */ = {isa = PBXBuildFile; fileRef = 0E8E6CD21D265CD500579898 /* BaiduMapAPI_Base.framework */; };
		0E8E6CDA1D265CD500579898 /* BaiduMapAPI_Cloud.framework in Frameworks */ = {isa = PBXBuildFile; fileRef = 0E8E6CD31D265CD500579898 /* BaiduMapAPI_Cloud.framework */; };
		0E8E6CDB1D265CD500579898 /* BaiduMapAPI_Location.framework in Frameworks */ = {isa = PBXBuildFile; fileRef = 0E8E6CD41D265CD500579898 /* BaiduMapAPI_Location.framework */; };
		0E8E6CDC1D265CD500579898 /* BaiduMapAPI_Map.framework in Frameworks */ = {isa = PBXBuildFile; fileRef = 0E8E6CD51D265CD500579898 /* BaiduMapAPI_Map.framework */; };
		0E8E6CDD1D265CD500579898 /* BaiduMapAPI_Radar.framework in Frameworks */ = {isa = PBXBuildFile; fileRef = 0E8E6CD61D265CD500579898 /* BaiduMapAPI_Radar.framework */; };
		0E8E6CDE1D265CD500579898 /* BaiduMapAPI_Search.framework in Frameworks */ = {isa = PBXBuildFile; fileRef = 0E8E6CD71D265CD500579898 /* BaiduMapAPI_Search.framework */; };
		0E8E6CDF1D265CD500579898 /* BaiduMapAPI_Utils.framework in Frameworks */ = {isa = PBXBuildFile; fileRef = 0E8E6CD81D265CD500579898 /* BaiduMapAPI_Utils.framework */; };
		0E8E6CE11D265CFF00579898 /* mapapi.bundle in Resources */ = {isa = PBXBuildFile; fileRef = 0E8E6CE01D265CFF00579898 /* mapapi.bundle */; };
		0E8E6CE41D265DA300579898 /* ZWBaiduMapViewController.m in Sources */ = {isa = PBXBuildFile; fileRef = 0E8E6CE31D265DA300579898 /* ZWBaiduMapViewController.m */; };
		0E8E6CE61D26657500579898 /* UIKit.framework in Frameworks */ = {isa = PBXBuildFile; fileRef = 0E8E6CE51D26657500579898 /* UIKit.framework */; };
		0E8E6CED1D2668BD00579898 /* ZWQuadTree.m in Sources */ = {isa = PBXBuildFile; fileRef = 0E8E6CE81D2668BD00579898 /* ZWQuadTree.m */; };
		0E8E6CEE1D2668BD00579898 /* ZWCoordinateQuadTree.m in Sources */ = {isa = PBXBuildFile; fileRef = 0E8E6CEA1D2668BD00579898 /* ZWCoordinateQuadTree.m */; };
		0E8E6CEF1D2668BD00579898 /* ZWClusterAnnotation.m in Sources */ = {isa = PBXBuildFile; fileRef = 0E8E6CEC1D2668BD00579898 /* ZWClusterAnnotation.m */; };
		0E8E6CF21D2668DB00579898 /* ZWClusterAnnotationView.m in Sources */ = {isa = PBXBuildFile; fileRef = 0E8E6CF11D2668DB00579898 /* ZWClusterAnnotationView.m */; };
		0E8E6CF81D2678BE00579898 /* USA-HotelMotel.csv in Resources */ = {isa = PBXBuildFile; fileRef = 0E8E6CF71D2678BE00579898 /* USA-HotelMotel.csv */; };
		0EA6C6C61D33B27A00358959 /* ZWDynamicsViewController.m in Sources */ = {isa = PBXBuildFile; fileRef = 0EA6C6C51D33B27A00358959 /* ZWDynamicsViewController.m */; };
		0EC3AAB81D1CFA0A00615F05 /* main.m in Sources */ = {isa = PBXBuildFile; fileRef = 0EC3AAB71D1CFA0A00615F05 /* main.m */; };
		0EC3AABB1D1CFA0A00615F05 /* AppDelegate.mm in Sources */ = {isa = PBXBuildFile; fileRef = 0EC3AABA1D1CFA0A00615F05 /* AppDelegate.mm */; };
		0EC3AABE1D1CFA0A00615F05 /* ViewController.m in Sources */ = {isa = PBXBuildFile; fileRef = 0EC3AABD1D1CFA0A00615F05 /* ViewController.m */; };
		0EC3AAC11D1CFA0A00615F05 /* Main.storyboard in Resources */ = {isa = PBXBuildFile; fileRef = 0EC3AABF1D1CFA0A00615F05 /* Main.storyboard */; };
		0EC3AAC31D1CFA0A00615F05 /* Assets.xcassets in Resources */ = {isa = PBXBuildFile; fileRef = 0EC3AAC21D1CFA0A00615F05 /* Assets.xcassets */; };
		0EC3AAD11D1CFA0B00615F05 /* iOSSampleCodeTests.m in Sources */ = {isa = PBXBuildFile; fileRef = 0EC3AAD01D1CFA0B00615F05 /* iOSSampleCodeTests.m */; };
		0EC3AADC1D1CFA0B00615F05 /* iOSSampleCodeUITests.m in Sources */ = {isa = PBXBuildFile; fileRef = 0EC3AADB1D1CFA0B00615F05 /* iOSSampleCodeUITests.m */; };
		0EC3AAEC1D1D1D1600615F05 /* ZWUnderconstrainedViewController.m in Sources */ = {isa = PBXBuildFile; fileRef = 0EC3AAEB1D1D1D1600615F05 /* ZWUnderconstrainedViewController.m */; };
		0EF3434A1D2AA6E80097B182 /* UIColor+ZWUtility.m in Sources */ = {isa = PBXBuildFile; fileRef = 0EF343491D2AA6E80097B182 /* UIColor+ZWUtility.m */; };
/* End PBXBuildFile section */

/* Begin PBXContainerItemProxy section */
		0EC3AACD1D1CFA0B00615F05 /* PBXContainerItemProxy */ = {
			isa = PBXContainerItemProxy;
			containerPortal = 0EC3AAAB1D1CFA0A00615F05 /* Project object */;
			proxyType = 1;
			remoteGlobalIDString = 0EC3AAB21D1CFA0A00615F05;
			remoteInfo = iOSSampleCode;
		};
		0EC3AAD81D1CFA0B00615F05 /* PBXContainerItemProxy */ = {
			isa = PBXContainerItemProxy;
			containerPortal = 0EC3AAAB1D1CFA0A00615F05 /* Project object */;
			proxyType = 1;
			remoteGlobalIDString = 0EC3AAB21D1CFA0A00615F05;
			remoteInfo = iOSSampleCode;
		};
/* End PBXContainerItemProxy section */

/* Begin PBXCopyFilesBuildPhase section */
		0E67FDCD1D37675B00929ACB /* Embed Frameworks */ = {
			isa = PBXCopyFilesBuildPhase;
			buildActionMask = 2147483647;
			dstPath = "";
			dstSubfolderSpec = 10;
			files = (
				0E67FDCE1D37675B00929ACB /* CocoaLumberjack.framework in Embed Frameworks */,
			);
			name = "Embed Frameworks";
			runOnlyForDeploymentPostprocessing = 0;
		};
/* End PBXCopyFilesBuildPhase section */

/* Begin PBXFileReference section */
		0E0A35901D27B38200E97B62 /* MBProgressHUD.framework */ = {isa = PBXFileReference; lastKnownFileType = wrapper.framework; name = MBProgressHUD.framework; path = ../Carthage/Build/iOS/MBProgressHUD.framework; sourceTree = "<group>"; };
		0E0A35931D27FDE100E97B62 /* Launch Screen.storyboard */ = {isa = PBXFileReference; fileEncoding = 4; lastKnownFileType = file.storyboard; path = "Launch Screen.storyboard"; sourceTree = "<group>"; };
		0E1E650A1D2A779C006AC82B /* ZWCollectionTableViewController.h */ = {isa = PBXFileReference; fileEncoding = 4; lastKnownFileType = sourcecode.c.h; path = ZWCollectionTableViewController.h; sourceTree = "<group>"; };
		0E1E650B1D2A779C006AC82B /* ZWCollectionTableViewController.m */ = {isa = PBXFileReference; fileEncoding = 4; lastKnownFileType = sourcecode.c.objc; path = ZWCollectionTableViewController.m; sourceTree = "<group>"; };
		0E1E650D1D2A784F006AC82B /* ZWCollectionTableCellTableViewCell.h */ = {isa = PBXFileReference; fileEncoding = 4; lastKnownFileType = sourcecode.c.h; path = ZWCollectionTableCellTableViewCell.h; sourceTree = "<group>"; };
		0E1E650E1D2A784F006AC82B /* ZWCollectionTableCellTableViewCell.m */ = {isa = PBXFileReference; fileEncoding = 4; lastKnownFileType = sourcecode.c.objc; path = ZWCollectionTableCellTableViewCell.m; sourceTree = "<group>"; };
		0E4C0A451D20EFD000AFC7CF /* ZWBaseTableViewController.h */ = {isa = PBXFileReference; fileEncoding = 4; lastKnownFileType = sourcecode.c.h; path = ZWBaseTableViewController.h; sourceTree = "<group>"; };
		0E4C0A461D20EFD000AFC7CF /* ZWBaseTableViewController.m */ = {isa = PBXFileReference; fileEncoding = 4; lastKnownFileType = sourcecode.c.objc; path = ZWBaseTableViewController.m; sourceTree = "<group>"; };
		0E4C0A4A1D20F15C00AFC7CF /* ZWHitTestViewController.h */ = {isa = PBXFileReference; fileEncoding = 4; lastKnownFileType = sourcecode.c.h; path = ZWHitTestViewController.h; sourceTree = "<group>"; };
		0E4C0A4B1D20F15C00AFC7CF /* ZWHitTestViewController.m */ = {isa = PBXFileReference; fileEncoding = 4; lastKnownFileType = sourcecode.c.objc; path = ZWHitTestViewController.m; sourceTree = "<group>"; };
		0E4C0A4D1D20F27700AFC7CF /* ZWBaseViewController.h */ = {isa = PBXFileReference; fileEncoding = 4; lastKnownFileType = sourcecode.c.h; path = ZWBaseViewController.h; sourceTree = "<group>"; };
		0E4C0A4E1D20F27700AFC7CF /* ZWBaseViewController.m */ = {isa = PBXFileReference; fileEncoding = 4; lastKnownFileType = sourcecode.c.objc; path = ZWBaseViewController.m; sourceTree = "<group>"; };
		0E4C0A531D2122C100AFC7CF /* ZWAutoLayoutTableViewController.h */ = {isa = PBXFileReference; fileEncoding = 4; lastKnownFileType = sourcecode.c.h; path = ZWAutoLayoutTableViewController.h; sourceTree = "<group>"; };
		0E4C0A541D2122C100AFC7CF /* ZWAutoLayoutTableViewController.m */ = {isa = PBXFileReference; fileEncoding = 4; lastKnownFileType = sourcecode.c.objc; path = ZWAutoLayoutTableViewController.m; sourceTree = "<group>"; };
		0E4C0A561D21230F00AFC7CF /* ZWCocoaTouchTableViewController.h */ = {isa = PBXFileReference; fileEncoding = 4; lastKnownFileType = sourcecode.c.h; path = ZWCocoaTouchTableViewController.h; sourceTree = "<group>"; };
		0E4C0A571D21230F00AFC7CF /* ZWCocoaTouchTableViewController.m */ = {isa = PBXFileReference; fileEncoding = 4; lastKnownFileType = sourcecode.c.objc; path = ZWCocoaTouchTableViewController.m; sourceTree = "<group>"; };
		0E51409D1D24C654009672FA /* ZWBaseTableViewCell.h */ = {isa = PBXFileReference; fileEncoding = 4; lastKnownFileType = sourcecode.c.h; path = ZWBaseTableViewCell.h; sourceTree = "<group>"; };
		0E51409E1D24C654009672FA /* ZWBaseTableViewCell.m */ = {isa = PBXFileReference; fileEncoding = 4; lastKnownFileType = sourcecode.c.objc; path = ZWBaseTableViewCell.m; sourceTree = "<group>"; };
		0E5354521D2362EF00C2ACAA /* ZWTextViewController.h */ = {isa = PBXFileReference; fileEncoding = 4; lastKnownFileType = sourcecode.c.h; path = ZWTextViewController.h; sourceTree = "<group>"; };
		0E5354531D2362EF00C2ACAA /* ZWTextViewController.m */ = {isa = PBXFileReference; fileEncoding = 4; lastKnownFileType = sourcecode.c.objc; path = ZWTextViewController.m; sourceTree = "<group>"; };
		0E5354571D23742D00C2ACAA /* AutoLayoutControllerHeader.h */ = {isa = PBXFileReference; lastKnownFileType = sourcecode.c.h; path = AutoLayoutControllerHeader.h; sourceTree = "<group>"; };
		0E5354581D23745600C2ACAA /* CocoaTouchControllerHeader.h */ = {isa = PBXFileReference; lastKnownFileType = sourcecode.c.h; path = CocoaTouchControllerHeader.h; sourceTree = "<group>"; };
		0E53545A1D23A11700C2ACAA /* ZWNetworkTableViewController.h */ = {isa = PBXFileReference; fileEncoding = 4; lastKnownFileType = sourcecode.c.h; path = ZWNetworkTableViewController.h; sourceTree = "<group>"; };
		0E53545B1D23A11700C2ACAA /* ZWNetworkTableViewController.m */ = {isa = PBXFileReference; fileEncoding = 4; lastKnownFileType = sourcecode.c.objc; path = ZWNetworkTableViewController.m; sourceTree = "<group>"; };
		0E5354601D23A15B00C2ACAA /* NetworkHeader.h */ = {isa = PBXFileReference; lastKnownFileType = sourcecode.c.h; path = NetworkHeader.h; sourceTree = "<group>"; };
		0E5354611D23A1B600C2ACAA /* ZWURLProtocolController.h */ = {isa = PBXFileReference; fileEncoding = 4; lastKnownFileType = sourcecode.c.h; path = ZWURLProtocolController.h; sourceTree = "<group>"; };
		0E5354621D23A1B600C2ACAA /* ZWURLProtocolController.m */ = {isa = PBXFileReference; fileEncoding = 4; lastKnownFileType = sourcecode.c.objc; path = ZWURLProtocolController.m; sourceTree = "<group>"; };
		0E5354651D23A25B00C2ACAA /* ZWHybridPackageProtocol.h */ = {isa = PBXFileReference; fileEncoding = 4; lastKnownFileType = sourcecode.c.h; path = ZWHybridPackageProtocol.h; sourceTree = "<group>"; };
		0E5354661D23A25B00C2ACAA /* ZWHybridPackageProtocol.m */ = {isa = PBXFileReference; fileEncoding = 4; lastKnownFileType = sourcecode.c.objc; path = ZWHybridPackageProtocol.m; sourceTree = "<group>"; };
		0E5354681D23A35700C2ACAA /* ZWHybridPackageFileManager.h */ = {isa = PBXFileReference; fileEncoding = 4; lastKnownFileType = sourcecode.c.h; path = ZWHybridPackageFileManager.h; sourceTree = "<group>"; };
		0E5354691D23A35700C2ACAA /* ZWHybridPackageFileManager.m */ = {isa = PBXFileReference; fileEncoding = 4; lastKnownFileType = sourcecode.c.objc; path = ZWHybridPackageFileManager.m; sourceTree = "<group>"; };
		0E53546D1D23A9B500C2ACAA /* ad_page_pc.html */ = {isa = PBXFileReference; fileEncoding = 4; lastKnownFileType = text.html; path = ad_page_pc.html; sourceTree = "<group>"; };
		0E5354771D23AD3900C2ACAA /* Header.h */ = {isa = PBXFileReference; lastKnownFileType = sourcecode.c.h; path = Header.h; sourceTree = "<group>"; };
		0E5354811D23D2C600C2ACAA /* images */ = {isa = PBXFileReference; lastKnownFileType = folder; path = images; sourceTree = "<group>"; };
		0E5AF51A1D20E1A1009F9511 /* ZWHitTestView.h */ = {isa = PBXFileReference; fileEncoding = 4; lastKnownFileType = sourcecode.c.h; path = ZWHitTestView.h; sourceTree = "<group>"; };
		0E5AF51B1D20E1A1009F9511 /* ZWHitTestView.m */ = {isa = PBXFileReference; fileEncoding = 4; lastKnownFileType = sourcecode.c.objc; path = ZWHitTestView.m; sourceTree = "<group>"; };
		0E67FDC51D3739BD00929ACB /* alices_adventures.md */ = {isa = PBXFileReference; fileEncoding = 4; lastKnownFileType = net.daringfireball.markdown; path = alices_adventures.md; sourceTree = "<group>"; };
		0E67FDCA1D375B2D00929ACB /* CocoaLumberjack.framework */ = {isa = PBXFileReference; lastKnownFileType = wrapper.framework; name = CocoaLumberjack.framework; path = ../Carthage/Build/iOS/CocoaLumberjack.framework; sourceTree = "<group>"; };
		0E67FDCF1D37685000929ACB /* iOSSampleCode.pch */ = {isa = PBXFileReference; lastKnownFileType = sourcecode.c.h; path = iOSSampleCode.pch; sourceTree = SOURCE_ROOT; };
		0E67FDD21D376D6400929ACB /* ZWMarkdownParser.h */ = {isa = PBXFileReference; fileEncoding = 4; lastKnownFileType = sourcecode.c.h; path = ZWMarkdownParser.h; sourceTree = "<group>"; };
		0E67FDD31D376D6400929ACB /* ZWMarkdownParser.m */ = {isa = PBXFileReference; fileEncoding = 4; lastKnownFileType = sourcecode.c.objc; path = ZWMarkdownParser.m; sourceTree = "<group>"; };
		0E69BAD71D30C1C9006E159E /* ZWCGDrawView.h */ = {isa = PBXFileReference; fileEncoding = 4; lastKnownFileType = sourcecode.c.h; path = ZWCGDrawView.h; sourceTree = "<group>"; };
		0E69BAD81D30C1C9006E159E /* ZWCGDrawView.m */ = {isa = PBXFileReference; fileEncoding = 4; lastKnownFileType = sourcecode.c.objc; path = ZWCGDrawView.m; sourceTree = "<group>"; };
		0E69BADA1D313590006E159E /* ZWDrawViewController.h */ = {isa = PBXFileReference; fileEncoding = 4; lastKnownFileType = sourcecode.c.h; path = ZWDrawViewController.h; sourceTree = "<group>"; };
		0E69BADB1D313590006E159E /* ZWDrawViewController.m */ = {isa = PBXFileReference; fileEncoding = 4; lastKnownFileType = sourcecode.c.objc; path = ZWDrawViewController.m; sourceTree = "<group>"; };
		0E7E3B9D1D24D68B00D51178 /* ZWTextKitTableViewController.h */ = {isa = PBXFileReference; fileEncoding = 4; lastKnownFileType = sourcecode.c.h; path = ZWTextKitTableViewController.h; sourceTree = "<group>"; };
		0E7E3B9E1D24D68B00D51178 /* ZWTextKitTableViewController.m */ = {isa = PBXFileReference; fileEncoding = 4; lastKnownFileType = sourcecode.c.objc; path = ZWTextKitTableViewController.m; sourceTree = "<group>"; };
		0E7E3BA11D24F3B800D51178 /* ZWNote.h */ = {isa = PBXFileReference; fileEncoding = 4; lastKnownFileType = sourcecode.c.h; path = ZWNote.h; sourceTree = "<group>"; };
		0E7E3BA21D24F3B800D51178 /* ZWNote.m */ = {isa = PBXFileReference; fileEncoding = 4; lastKnownFileType = sourcecode.c.objc; path = ZWNote.m; sourceTree = "<group>"; };
		0E7E3BA41D24F42E00D51178 /* ZWTimeIndicatorView.h */ = {isa = PBXFileReference; fileEncoding = 4; lastKnownFileType = sourcecode.c.h; path = ZWTimeIndicatorView.h; sourceTree = "<group>"; };
		0E7E3BA51D24F42E00D51178 /* ZWTimeIndicatorView.m */ = {isa = PBXFileReference; fileEncoding = 4; lastKnownFileType = sourcecode.c.objc; path = ZWTimeIndicatorView.m; sourceTree = "<group>"; };
		0E7E3BA71D24F81700D51178 /* ZWNoteEditorViewController.h */ = {isa = PBXFileReference; fileEncoding = 4; lastKnownFileType = sourcecode.c.h; path = ZWNoteEditorViewController.h; sourceTree = "<group>"; };
		0E7E3BA81D24F81700D51178 /* ZWNoteEditorViewController.m */ = {isa = PBXFileReference; fileEncoding = 4; lastKnownFileType = sourcecode.c.objc; path = ZWNoteEditorViewController.m; sourceTree = "<group>"; };
		0E7E3BAA1D25168200D51178 /* ZWSyntaxHighlightTextStorage.h */ = {isa = PBXFileReference; fileEncoding = 4; lastKnownFileType = sourcecode.c.h; path = ZWSyntaxHighlightTextStorage.h; sourceTree = "<group>"; };
		0E7E3BAB1D25168200D51178 /* ZWSyntaxHighlightTextStorage.m */ = {isa = PBXFileReference; fileEncoding = 4; lastKnownFileType = sourcecode.c.objc; path = ZWSyntaxHighlightTextStorage.m; sourceTree = "<group>"; };
		0E8324231D364B3600540D82 /* ZWTextKitTopViewController.h */ = {isa = PBXFileReference; fileEncoding = 4; lastKnownFileType = sourcecode.c.h; path = ZWTextKitTopViewController.h; sourceTree = "<group>"; };
		0E8324241D364B3600540D82 /* ZWTextKitTopViewController.m */ = {isa = PBXFileReference; fileEncoding = 4; lastKnownFileType = sourcecode.c.objc; path = ZWTextKitTopViewController.m; sourceTree = "<group>"; };
		0E8324261D364C4A00540D82 /* ZWBookViewController.h */ = {isa = PBXFileReference; fileEncoding = 4; lastKnownFileType = sourcecode.c.h; path = ZWBookViewController.h; sourceTree = "<group>"; };
		0E8324271D364C4A00540D82 /* ZWBookViewController.m */ = {isa = PBXFileReference; fileEncoding = 4; lastKnownFileType = sourcecode.c.objc; path = ZWBookViewController.m; sourceTree = "<group>"; };
		0E8324291D364CD100540D82 /* ZWBookView.h */ = {isa = PBXFileReference; fileEncoding = 4; lastKnownFileType = sourcecode.c.h; path = ZWBookView.h; sourceTree = "<group>"; };
		0E83242A1D364CD100540D82 /* ZWBookView.m */ = {isa = PBXFileReference; fileEncoding = 4; lastKnownFileType = sourcecode.c.objc; path = ZWBookView.m; sourceTree = "<group>"; };
		0E8E6CBB1D265B3B00579898 /* CoreLocation.framework */ = {isa = PBXFileReference; lastKnownFileType = wrapper.framework; name = CoreLocation.framework; path = System/Library/Frameworks/CoreLocation.framework; sourceTree = SDKROOT; };
		0E8E6CBD1D265B5A00579898 /* QuartzCore.framework */ = {isa = PBXFileReference; lastKnownFileType = wrapper.framework; name = QuartzCore.framework; path = System/Library/Frameworks/QuartzCore.framework; sourceTree = SDKROOT; };
		0E8E6CBF1D265B6400579898 /* OpenGLES.framework */ = {isa = PBXFileReference; lastKnownFileType = wrapper.framework; name = OpenGLES.framework; path = System/Library/Frameworks/OpenGLES.framework; sourceTree = SDKROOT; };
		0E8E6CC11D265B6B00579898 /* SystemConfiguration.framework */ = {isa = PBXFileReference; lastKnownFileType = wrapper.framework; name = SystemConfiguration.framework; path = System/Library/Frameworks/SystemConfiguration.framework; sourceTree = SDKROOT; };
		0E8E6CC31D265B7800579898 /* CoreGraphics.framework */ = {isa = PBXFileReference; lastKnownFileType = wrapper.framework; name = CoreGraphics.framework; path = System/Library/Frameworks/CoreGraphics.framework; sourceTree = SDKROOT; };
		0E8E6CC51D265B8000579898 /* Security.framework */ = {isa = PBXFileReference; lastKnownFileType = wrapper.framework; name = Security.framework; path = System/Library/Frameworks/Security.framework; sourceTree = SDKROOT; };
		0E8E6CC71D265B9F00579898 /* libsqlite3.0.tbd */ = {isa = PBXFileReference; lastKnownFileType = "sourcecode.text-based-dylib-definition"; name = libsqlite3.0.tbd; path = usr/lib/libsqlite3.0.tbd; sourceTree = SDKROOT; };
		0E8E6CC91D265BB000579898 /* CoreTelephony.framework */ = {isa = PBXFileReference; lastKnownFileType = wrapper.framework; name = CoreTelephony.framework; path = System/Library/Frameworks/CoreTelephony.framework; sourceTree = SDKROOT; };
		0E8E6CCB1D265BB900579898 /* libstdc++.6.0.9.tbd */ = {isa = PBXFileReference; lastKnownFileType = "sourcecode.text-based-dylib-definition"; name = "libstdc++.6.0.9.tbd"; path = "usr/lib/libstdc++.6.0.9.tbd"; sourceTree = SDKROOT; };
		0E8E6CD21D265CD500579898 /* BaiduMapAPI_Base.framework */ = {isa = PBXFileReference; lastKnownFileType = wrapper.framework; path = BaiduMapAPI_Base.framework; sourceTree = "<group>"; };
		0E8E6CD31D265CD500579898 /* BaiduMapAPI_Cloud.framework */ = {isa = PBXFileReference; lastKnownFileType = wrapper.framework; path = BaiduMapAPI_Cloud.framework; sourceTree = "<group>"; };
		0E8E6CD41D265CD500579898 /* BaiduMapAPI_Location.framework */ = {isa = PBXFileReference; lastKnownFileType = wrapper.framework; path = BaiduMapAPI_Location.framework; sourceTree = "<group>"; };
		0E8E6CD51D265CD500579898 /* BaiduMapAPI_Map.framework */ = {isa = PBXFileReference; lastKnownFileType = wrapper.framework; path = BaiduMapAPI_Map.framework; sourceTree = "<group>"; };
		0E8E6CD61D265CD500579898 /* BaiduMapAPI_Radar.framework */ = {isa = PBXFileReference; lastKnownFileType = wrapper.framework; path = BaiduMapAPI_Radar.framework; sourceTree = "<group>"; };
		0E8E6CD71D265CD500579898 /* BaiduMapAPI_Search.framework */ = {isa = PBXFileReference; lastKnownFileType = wrapper.framework; path = BaiduMapAPI_Search.framework; sourceTree = "<group>"; };
		0E8E6CD81D265CD500579898 /* BaiduMapAPI_Utils.framework */ = {isa = PBXFileReference; lastKnownFileType = wrapper.framework; path = BaiduMapAPI_Utils.framework; sourceTree = "<group>"; };
		0E8E6CE01D265CFF00579898 /* mapapi.bundle */ = {isa = PBXFileReference; lastKnownFileType = "wrapper.plug-in"; name = mapapi.bundle; path = BaiduMapAPI_Map.framework/Resources/mapapi.bundle; sourceTree = "<group>"; };
		0E8E6CE21D265DA300579898 /* ZWBaiduMapViewController.h */ = {isa = PBXFileReference; fileEncoding = 4; lastKnownFileType = sourcecode.c.h; path = ZWBaiduMapViewController.h; sourceTree = "<group>"; };
		0E8E6CE31D265DA300579898 /* ZWBaiduMapViewController.m */ = {isa = PBXFileReference; fileEncoding = 4; lastKnownFileType = sourcecode.c.objc; path = ZWBaiduMapViewController.m; sourceTree = "<group>"; };
		0E8E6CE51D26657500579898 /* UIKit.framework */ = {isa = PBXFileReference; lastKnownFileType = wrapper.framework; name = UIKit.framework; path = System/Library/Frameworks/UIKit.framework; sourceTree = SDKROOT; };
		0E8E6CE71D2668BD00579898 /* ZWQuadTree.h */ = {isa = PBXFileReference; fileEncoding = 4; lastKnownFileType = sourcecode.c.h; path = ZWQuadTree.h; sourceTree = "<group>"; };
		0E8E6CE81D2668BD00579898 /* ZWQuadTree.m */ = {isa = PBXFileReference; fileEncoding = 4; lastKnownFileType = sourcecode.c.objc; path = ZWQuadTree.m; sourceTree = "<group>"; };
		0E8E6CE91D2668BD00579898 /* ZWCoordinateQuadTree.h */ = {isa = PBXFileReference; fileEncoding = 4; lastKnownFileType = sourcecode.c.h; path = ZWCoordinateQuadTree.h; sourceTree = "<group>"; };
		0E8E6CEA1D2668BD00579898 /* ZWCoordinateQuadTree.m */ = {isa = PBXFileReference; fileEncoding = 4; lastKnownFileType = sourcecode.c.objc; path = ZWCoordinateQuadTree.m; sourceTree = "<group>"; };
		0E8E6CEB1D2668BD00579898 /* ZWClusterAnnotation.h */ = {isa = PBXFileReference; fileEncoding = 4; lastKnownFileType = sourcecode.c.h; path = ZWClusterAnnotation.h; sourceTree = "<group>"; };
		0E8E6CEC1D2668BD00579898 /* ZWClusterAnnotation.m */ = {isa = PBXFileReference; fileEncoding = 4; lastKnownFileType = sourcecode.c.objc; path = ZWClusterAnnotation.m; sourceTree = "<group>"; };
		0E8E6CF01D2668DB00579898 /* ZWClusterAnnotationView.h */ = {isa = PBXFileReference; fileEncoding = 4; lastKnownFileType = sourcecode.c.h; path = ZWClusterAnnotationView.h; sourceTree = "<group>"; };
		0E8E6CF11D2668DB00579898 /* ZWClusterAnnotationView.m */ = {isa = PBXFileReference; fileEncoding = 4; lastKnownFileType = sourcecode.c.objc; path = ZWClusterAnnotationView.m; sourceTree = "<group>"; };
		0E8E6CF71D2678BE00579898 /* USA-HotelMotel.csv */ = {isa = PBXFileReference; fileEncoding = 4; lastKnownFileType = text; path = "USA-HotelMotel.csv"; sourceTree = "<group>"; };
		0EA6C6C41D33B27A00358959 /* ZWDynamicsViewController.h */ = {isa = PBXFileReference; fileEncoding = 4; lastKnownFileType = sourcecode.c.h; path = ZWDynamicsViewController.h; sourceTree = "<group>"; };
		0EA6C6C51D33B27A00358959 /* ZWDynamicsViewController.m */ = {isa = PBXFileReference; fileEncoding = 4; lastKnownFileType = sourcecode.c.objc; path = ZWDynamicsViewController.m; sourceTree = "<group>"; };
		0EC3AAB31D1CFA0A00615F05 /* iOSSampleCode.app */ = {isa = PBXFileReference; explicitFileType = wrapper.application; includeInIndex = 0; path = iOSSampleCode.app; sourceTree = BUILT_PRODUCTS_DIR; };
		0EC3AAB71D1CFA0A00615F05 /* main.m */ = {isa = PBXFileReference; lastKnownFileType = sourcecode.c.objc; path = main.m; sourceTree = "<group>"; };
		0EC3AAB91D1CFA0A00615F05 /* AppDelegate.h */ = {isa = PBXFileReference; lastKnownFileType = sourcecode.c.h; path = AppDelegate.h; sourceTree = "<group>"; };
		0EC3AABA1D1CFA0A00615F05 /* AppDelegate.mm */ = {isa = PBXFileReference; lastKnownFileType = sourcecode.cpp.objcpp; path = AppDelegate.mm; sourceTree = "<group>"; };
		0EC3AABC1D1CFA0A00615F05 /* ViewController.h */ = {isa = PBXFileReference; lastKnownFileType = sourcecode.c.h; path = ViewController.h; sourceTree = "<group>"; };
		0EC3AABD1D1CFA0A00615F05 /* ViewController.m */ = {isa = PBXFileReference; lastKnownFileType = sourcecode.c.objc; path = ViewController.m; sourceTree = "<group>"; };
		0EC3AAC01D1CFA0A00615F05 /* Base */ = {isa = PBXFileReference; lastKnownFileType = file.storyboard; name = Base; path = Base.lproj/Main.storyboard; sourceTree = "<group>"; };
		0EC3AAC21D1CFA0A00615F05 /* Assets.xcassets */ = {isa = PBXFileReference; lastKnownFileType = folder.assetcatalog; path = Assets.xcassets; sourceTree = "<group>"; };
		0EC3AAC71D1CFA0A00615F05 /* Info.plist */ = {isa = PBXFileReference; lastKnownFileType = text.plist.xml; path = Info.plist; sourceTree = "<group>"; };
		0EC3AACC1D1CFA0B00615F05 /* iOSSampleCodeTests.xctest */ = {isa = PBXFileReference; explicitFileType = wrapper.cfbundle; includeInIndex = 0; path = iOSSampleCodeTests.xctest; sourceTree = BUILT_PRODUCTS_DIR; };
		0EC3AAD01D1CFA0B00615F05 /* iOSSampleCodeTests.m */ = {isa = PBXFileReference; lastKnownFileType = sourcecode.c.objc; path = iOSSampleCodeTests.m; sourceTree = "<group>"; };
		0EC3AAD21D1CFA0B00615F05 /* Info.plist */ = {isa = PBXFileReference; lastKnownFileType = text.plist.xml; path = Info.plist; sourceTree = "<group>"; };
		0EC3AAD71D1CFA0B00615F05 /* iOSSampleCodeUITests.xctest */ = {isa = PBXFileReference; explicitFileType = wrapper.cfbundle; includeInIndex = 0; path = iOSSampleCodeUITests.xctest; sourceTree = BUILT_PRODUCTS_DIR; };
		0EC3AADB1D1CFA0B00615F05 /* iOSSampleCodeUITests.m */ = {isa = PBXFileReference; lastKnownFileType = sourcecode.c.objc; path = iOSSampleCodeUITests.m; sourceTree = "<group>"; };
		0EC3AADD1D1CFA0B00615F05 /* Info.plist */ = {isa = PBXFileReference; lastKnownFileType = text.plist.xml; path = Info.plist; sourceTree = "<group>"; };
		0EC3AAEA1D1D1D1600615F05 /* ZWUnderconstrainedViewController.h */ = {isa = PBXFileReference; fileEncoding = 4; lastKnownFileType = sourcecode.c.h; path = ZWUnderconstrainedViewController.h; sourceTree = "<group>"; };
		0EC3AAEB1D1D1D1600615F05 /* ZWUnderconstrainedViewController.m */ = {isa = PBXFileReference; fileEncoding = 4; lastKnownFileType = sourcecode.c.objc; path = ZWUnderconstrainedViewController.m; sourceTree = "<group>"; };
		0EF343481D2AA6E80097B182 /* UIColor+ZWUtility.h */ = {isa = PBXFileReference; fileEncoding = 4; lastKnownFileType = sourcecode.c.h; path = "UIColor+ZWUtility.h"; sourceTree = "<group>"; };
		0EF343491D2AA6E80097B182 /* UIColor+ZWUtility.m */ = {isa = PBXFileReference; fileEncoding = 4; lastKnownFileType = sourcecode.c.objc; path = "UIColor+ZWUtility.m"; sourceTree = "<group>"; };
/* End PBXFileReference section */

/* Begin PBXFrameworksBuildPhase section */
		0EC3AAB01D1CFA0A00615F05 /* Frameworks */ = {
			isa = PBXFrameworksBuildPhase;
			buildActionMask = 2147483647;
			files = (
				0E0A35911D27B38200E97B62 /* MBProgressHUD.framework in Frameworks */,
				0E67FDCC1D37675B00929ACB /* CocoaLumberjack.framework in Frameworks */,
				0E8E6CE61D26657500579898 /* UIKit.framework in Frameworks */,
				0E8E6CD91D265CD500579898 /* BaiduMapAPI_Base.framework in Frameworks */,
				0E8E6CDA1D265CD500579898 /* BaiduMapAPI_Cloud.framework in Frameworks */,
				0E8E6CDB1D265CD500579898 /* BaiduMapAPI_Location.framework in Frameworks */,
				0E8E6CDC1D265CD500579898 /* BaiduMapAPI_Map.framework in Frameworks */,
				0E8E6CDD1D265CD500579898 /* BaiduMapAPI_Radar.framework in Frameworks */,
				0E8E6CDE1D265CD500579898 /* BaiduMapAPI_Search.framework in Frameworks */,
				0E8E6CDF1D265CD500579898 /* BaiduMapAPI_Utils.framework in Frameworks */,
				0E8E6CCC1D265BB900579898 /* libstdc++.6.0.9.tbd in Frameworks */,
				0E8E6CCA1D265BB000579898 /* CoreTelephony.framework in Frameworks */,
				0E8E6CC81D265B9F00579898 /* libsqlite3.0.tbd in Frameworks */,
				0E8E6CC61D265B8000579898 /* Security.framework in Frameworks */,
				0E8E6CC41D265B7800579898 /* CoreGraphics.framework in Frameworks */,
				0E8E6CC21D265B6B00579898 /* SystemConfiguration.framework in Frameworks */,
				0E8E6CC01D265B6400579898 /* OpenGLES.framework in Frameworks */,
				0E8E6CBE1D265B5A00579898 /* QuartzCore.framework in Frameworks */,
				0E8E6CBC1D265B3B00579898 /* CoreLocation.framework in Frameworks */,
			);
			runOnlyForDeploymentPostprocessing = 0;
		};
		0EC3AAC91D1CFA0B00615F05 /* Frameworks */ = {
			isa = PBXFrameworksBuildPhase;
			buildActionMask = 2147483647;
			files = (
			);
			runOnlyForDeploymentPostprocessing = 0;
		};
		0EC3AAD41D1CFA0B00615F05 /* Frameworks */ = {
			isa = PBXFrameworksBuildPhase;
			buildActionMask = 2147483647;
			files = (
			);
			runOnlyForDeploymentPostprocessing = 0;
		};
/* End PBXFrameworksBuildPhase section */

/* Begin PBXGroup section */
		0E4C0A481D20F10100AFC7CF /* Utilities */ = {
			isa = PBXGroup;
			children = (
				0E4C0A451D20EFD000AFC7CF /* ZWBaseTableViewController.h */,
				0E4C0A461D20EFD000AFC7CF /* ZWBaseTableViewController.m */,
				0E4C0A4D1D20F27700AFC7CF /* ZWBaseViewController.h */,
				0E4C0A4E1D20F27700AFC7CF /* ZWBaseViewController.m */,
				0E51409D1D24C654009672FA /* ZWBaseTableViewCell.h */,
				0E51409E1D24C654009672FA /* ZWBaseTableViewCell.m */,
				0EF343481D2AA6E80097B182 /* UIColor+ZWUtility.h */,
				0EF343491D2AA6E80097B182 /* UIColor+ZWUtility.m */,
			);
			name = Utilities;
			sourceTree = "<group>";
		};
		0E4C0A491D20F13100AFC7CF /* UIKit */ = {
			isa = PBXGroup;
			children = (
				0E7E3BA01D24F39600D51178 /* Model */,
				0E5354561D23739900C2ACAA /* Header */,
				0E53544F1D23629000C2ACAA /* View */,
				0E53544E1D23628400C2ACAA /* Controller */,
				0E4C0A561D21230F00AFC7CF /* ZWCocoaTouchTableViewController.h */,
				0E4C0A571D21230F00AFC7CF /* ZWCocoaTouchTableViewController.m */,
			);
			name = UIKit;
			sourceTree = "<group>";
		};
		0E53544E1D23628400C2ACAA /* Controller */ = {
			isa = PBXGroup;
			children = (
				0E4C0A4A1D20F15C00AFC7CF /* ZWHitTestViewController.h */,
				0E4C0A4B1D20F15C00AFC7CF /* ZWHitTestViewController.m */,
				0E5354521D2362EF00C2ACAA /* ZWTextViewController.h */,
				0E5354531D2362EF00C2ACAA /* ZWTextViewController.m */,
				0E7E3B9D1D24D68B00D51178 /* ZWTextKitTableViewController.h */,
				0E7E3B9E1D24D68B00D51178 /* ZWTextKitTableViewController.m */,
				0E7E3BA71D24F81700D51178 /* ZWNoteEditorViewController.h */,
				0E7E3BA81D24F81700D51178 /* ZWNoteEditorViewController.m */,
				0E8E6CE21D265DA300579898 /* ZWBaiduMapViewController.h */,
				0E8E6CE31D265DA300579898 /* ZWBaiduMapViewController.m */,
				0E1E650A1D2A779C006AC82B /* ZWCollectionTableViewController.h */,
				0E1E650B1D2A779C006AC82B /* ZWCollectionTableViewController.m */,
				0E69BADA1D313590006E159E /* ZWDrawViewController.h */,
				0E69BADB1D313590006E159E /* ZWDrawViewController.m */,
				0EA6C6C41D33B27A00358959 /* ZWDynamicsViewController.h */,
				0EA6C6C51D33B27A00358959 /* ZWDynamicsViewController.m */,
				0E8324231D364B3600540D82 /* ZWTextKitTopViewController.h */,
				0E8324241D364B3600540D82 /* ZWTextKitTopViewController.m */,
				0E8324261D364C4A00540D82 /* ZWBookViewController.h */,
				0E8324271D364C4A00540D82 /* ZWBookViewController.m */,
			);
			name = Controller;
			sourceTree = "<group>";
		};
		0E53544F1D23629000C2ACAA /* View */ = {
			isa = PBXGroup;
			children = (
				0E8E6CF01D2668DB00579898 /* ZWClusterAnnotationView.h */,
				0E8E6CF11D2668DB00579898 /* ZWClusterAnnotationView.m */,
				0E5AF51A1D20E1A1009F9511 /* ZWHitTestView.h */,
				0E5AF51B1D20E1A1009F9511 /* ZWHitTestView.m */,
				0E7E3BA41D24F42E00D51178 /* ZWTimeIndicatorView.h */,
				0E7E3BA51D24F42E00D51178 /* ZWTimeIndicatorView.m */,
				0E1E650D1D2A784F006AC82B /* ZWCollectionTableCellTableViewCell.h */,
				0E1E650E1D2A784F006AC82B /* ZWCollectionTableCellTableViewCell.m */,
				0E69BAD71D30C1C9006E159E /* ZWCGDrawView.h */,
				0E69BAD81D30C1C9006E159E /* ZWCGDrawView.m */,
				0E8324291D364CD100540D82 /* ZWBookView.h */,
				0E83242A1D364CD100540D82 /* ZWBookView.m */,
			);
			name = View;
			sourceTree = "<group>";
		};
		0E5354501D2362AF00C2ACAA /* Controller */ = {
			isa = PBXGroup;
			children = (
				0EC3AAEA1D1D1D1600615F05 /* ZWUnderconstrainedViewController.h */,
				0EC3AAEB1D1D1D1600615F05 /* ZWUnderconstrainedViewController.m */,
			);
			name = Controller;
			sourceTree = "<group>";
		};
		0E5354511D2362B700C2ACAA /* View */ = {
			isa = PBXGroup;
			children = (
			);
			name = View;
			sourceTree = "<group>";
		};
		0E5354551D23738F00C2ACAA /* Header */ = {
			isa = PBXGroup;
			children = (
				0E5354571D23742D00C2ACAA /* AutoLayoutControllerHeader.h */,
			);
			name = Header;
			sourceTree = "<group>";
		};
		0E5354561D23739900C2ACAA /* Header */ = {
			isa = PBXGroup;
			children = (
				0E5354581D23745600C2ACAA /* CocoaTouchControllerHeader.h */,
			);
			name = Header;
			sourceTree = "<group>";
		};
		0E5354591D23A0CB00C2ACAA /* Netwotk */ = {
			isa = PBXGroup;
			children = (
				0E5354641D23A22F00C2ACAA /* Model */,
				0E53545F1D23A14700C2ACAA /* Controller */,
				0E53545E1D23A14100C2ACAA /* View */,
				0E53545D1D23A13700C2ACAA /* Header */,
				0E53545A1D23A11700C2ACAA /* ZWNetworkTableViewController.h */,
				0E53545B1D23A11700C2ACAA /* ZWNetworkTableViewController.m */,
			);
			name = Netwotk;
			sourceTree = "<group>";
		};
		0E53545D1D23A13700C2ACAA /* Header */ = {
			isa = PBXGroup;
			children = (
				0E5354601D23A15B00C2ACAA /* NetworkHeader.h */,
			);
			name = Header;
			sourceTree = "<group>";
		};
		0E53545E1D23A14100C2ACAA /* View */ = {
			isa = PBXGroup;
			children = (
			);
			name = View;
			sourceTree = "<group>";
		};
		0E53545F1D23A14700C2ACAA /* Controller */ = {
			isa = PBXGroup;
			children = (
				0E5354611D23A1B600C2ACAA /* ZWURLProtocolController.h */,
				0E5354621D23A1B600C2ACAA /* ZWURLProtocolController.m */,
				0E5354681D23A35700C2ACAA /* ZWHybridPackageFileManager.h */,
				0E5354691D23A35700C2ACAA /* ZWHybridPackageFileManager.m */,
			);
			name = Controller;
			sourceTree = "<group>";
		};
		0E5354641D23A22F00C2ACAA /* Model */ = {
			isa = PBXGroup;
			children = (
				0E5354651D23A25B00C2ACAA /* ZWHybridPackageProtocol.h */,
				0E5354661D23A25B00C2ACAA /* ZWHybridPackageProtocol.m */,
			);
			name = Model;
			sourceTree = "<group>";
		};
		0E53546B1D23A95300C2ACAA /* Resources */ = {
			isa = PBXGroup;
			children = (
				0E83242D1D364D6200540D82 /* md */,
				0E83242C1D364D3700540D82 /* csv */,
				0E53546C1D23A96B00C2ACAA /* html */,
			);
			name = Resources;
			sourceTree = "<group>";
		};
		0E53546C1D23A96B00C2ACAA /* html */ = {
			isa = PBXGroup;
			children = (
				0E5354811D23D2C600C2ACAA /* images */,
				0E53546D1D23A9B500C2ACAA /* ad_page_pc.html */,
			);
			name = html;
			sourceTree = "<group>";
		};
		0E5354761D23AD2F00C2ACAA /* Header */ = {
			isa = PBXGroup;
			children = (
				0E5354771D23AD3900C2ACAA /* Header.h */,
			);
			name = Header;
			sourceTree = "<group>";
		};
		0E7E3BA01D24F39600D51178 /* Model */ = {
			isa = PBXGroup;
			children = (
				0E7E3BA11D24F3B800D51178 /* ZWNote.h */,
				0E7E3BA21D24F3B800D51178 /* ZWNote.m */,
				0E7E3BAA1D25168200D51178 /* ZWSyntaxHighlightTextStorage.h */,
				0E7E3BAB1D25168200D51178 /* ZWSyntaxHighlightTextStorage.m */,
				0E8E6CE71D2668BD00579898 /* ZWQuadTree.h */,
				0E8E6CE81D2668BD00579898 /* ZWQuadTree.m */,
				0E8E6CE91D2668BD00579898 /* ZWCoordinateQuadTree.h */,
				0E8E6CEA1D2668BD00579898 /* ZWCoordinateQuadTree.m */,
				0E8E6CEB1D2668BD00579898 /* ZWClusterAnnotation.h */,
				0E8E6CEC1D2668BD00579898 /* ZWClusterAnnotation.m */,
				0E67FDD21D376D6400929ACB /* ZWMarkdownParser.h */,
				0E67FDD31D376D6400929ACB /* ZWMarkdownParser.m */,
			);
			name = Model;
			sourceTree = "<group>";
		};
		0E83242C1D364D3700540D82 /* csv */ = {
			isa = PBXGroup;
			children = (
				0E8E6CF71D2678BE00579898 /* USA-HotelMotel.csv */,
			);
			name = csv;
			sourceTree = "<group>";
		};
		0E83242D1D364D6200540D82 /* md */ = {
			isa = PBXGroup;
			children = (
				0E67FDC51D3739BD00929ACB /* alices_adventures.md */,
			);
			name = md;
			sourceTree = "<group>";
		};
		0E8E6CBA1D265B1800579898 /* Third party */ = {
			isa = PBXGroup;
			children = (
				0E67FDCA1D375B2D00929ACB /* CocoaLumberjack.framework */,
				0E0A35901D27B38200E97B62 /* MBProgressHUD.framework */,
				0E8E6CCD1D265BFA00579898 /* BaiduMap */,
			);
			name = "Third party";
			sourceTree = "<group>";
		};
		0E8E6CCD1D265BFA00579898 /* BaiduMap */ = {
			isa = PBXGroup;
			children = (
				0E8E6CE01D265CFF00579898 /* mapapi.bundle */,
				0E8E6CD21D265CD500579898 /* BaiduMapAPI_Base.framework */,
				0E8E6CD31D265CD500579898 /* BaiduMapAPI_Cloud.framework */,
				0E8E6CD41D265CD500579898 /* BaiduMapAPI_Location.framework */,
				0E8E6CD51D265CD500579898 /* BaiduMapAPI_Map.framework */,
				0E8E6CD61D265CD500579898 /* BaiduMapAPI_Radar.framework */,
				0E8E6CD71D265CD500579898 /* BaiduMapAPI_Search.framework */,
				0E8E6CD81D265CD500579898 /* BaiduMapAPI_Utils.framework */,
			);
			name = BaiduMap;
			sourceTree = "<group>";
		};
		0EC3AAAA1D1CFA0A00615F05 = {
			isa = PBXGroup;
			children = (
				0EC3AAB51D1CFA0A00615F05 /* iOSSampleCode */,
				0EC3AACF1D1CFA0B00615F05 /* iOSSampleCodeTests */,
				0EC3AADA1D1CFA0B00615F05 /* iOSSampleCodeUITests */,
				0EC3AAB41D1CFA0A00615F05 /* Products */,
			);
			sourceTree = "<group>";
		};
		0EC3AAB41D1CFA0A00615F05 /* Products */ = {
			isa = PBXGroup;
			children = (
				0EC3AAB31D1CFA0A00615F05 /* iOSSampleCode.app */,
				0EC3AACC1D1CFA0B00615F05 /* iOSSampleCodeTests.xctest */,
				0EC3AAD71D1CFA0B00615F05 /* iOSSampleCodeUITests.xctest */,
			);
			name = Products;
			sourceTree = "<group>";
		};
		0EC3AAB51D1CFA0A00615F05 /* iOSSampleCode */ = {
			isa = PBXGroup;
			children = (
				0E8E6CBA1D265B1800579898 /* Third party */,
				0E5354761D23AD2F00C2ACAA /* Header */,
				0E53546B1D23A95300C2ACAA /* Resources */,
				0E5354591D23A0CB00C2ACAA /* Netwotk */,
				0E4C0A491D20F13100AFC7CF /* UIKit */,
				0E4C0A481D20F10100AFC7CF /* Utilities */,
				0EC3AAE91D1D1C1000615F05 /* AutoLayout */,
				0EC3AAB91D1CFA0A00615F05 /* AppDelegate.h */,
				0EC3AABA1D1CFA0A00615F05 /* AppDelegate.mm */,
				0EC3AABC1D1CFA0A00615F05 /* ViewController.h */,
				0EC3AABD1D1CFA0A00615F05 /* ViewController.m */,
				0E67FDCF1D37685000929ACB /* iOSSampleCode.pch */,
				0EC3AABF1D1CFA0A00615F05 /* Main.storyboard */,
				0E0A35931D27FDE100E97B62 /* Launch Screen.storyboard */,
				0EC3AAC21D1CFA0A00615F05 /* Assets.xcassets */,
				0EC3AAC71D1CFA0A00615F05 /* Info.plist */,
				0EC3AAB61D1CFA0A00615F05 /* Supporting Files */,
			);
			path = iOSSampleCode;
			sourceTree = "<group>";
		};
		0EC3AAB61D1CFA0A00615F05 /* Supporting Files */ = {
			isa = PBXGroup;
			children = (
				0E8E6CE51D26657500579898 /* UIKit.framework */,
				0E8E6CCB1D265BB900579898 /* libstdc++.6.0.9.tbd */,
				0E8E6CC91D265BB000579898 /* CoreTelephony.framework */,
				0E8E6CC71D265B9F00579898 /* libsqlite3.0.tbd */,
				0E8E6CC51D265B8000579898 /* Security.framework */,
				0E8E6CC31D265B7800579898 /* CoreGraphics.framework */,
				0E8E6CC11D265B6B00579898 /* SystemConfiguration.framework */,
				0E8E6CBF1D265B6400579898 /* OpenGLES.framework */,
				0E8E6CBD1D265B5A00579898 /* QuartzCore.framework */,
				0E8E6CBB1D265B3B00579898 /* CoreLocation.framework */,
				0EC3AAB71D1CFA0A00615F05 /* main.m */,
			);
			name = "Supporting Files";
			sourceTree = "<group>";
		};
		0EC3AACF1D1CFA0B00615F05 /* iOSSampleCodeTests */ = {
			isa = PBXGroup;
			children = (
				0EC3AAD01D1CFA0B00615F05 /* iOSSampleCodeTests.m */,
				0EC3AAD21D1CFA0B00615F05 /* Info.plist */,
			);
			path = iOSSampleCodeTests;
			sourceTree = "<group>";
		};
		0EC3AADA1D1CFA0B00615F05 /* iOSSampleCodeUITests */ = {
			isa = PBXGroup;
			children = (
				0EC3AADB1D1CFA0B00615F05 /* iOSSampleCodeUITests.m */,
				0EC3AADD1D1CFA0B00615F05 /* Info.plist */,
			);
			path = iOSSampleCodeUITests;
			sourceTree = "<group>";
		};
		0EC3AAE91D1D1C1000615F05 /* AutoLayout */ = {
			isa = PBXGroup;
			children = (
				0E5354551D23738F00C2ACAA /* Header */,
				0E5354511D2362B700C2ACAA /* View */,
				0E5354501D2362AF00C2ACAA /* Controller */,
				0E4C0A531D2122C100AFC7CF /* ZWAutoLayoutTableViewController.h */,
				0E4C0A541D2122C100AFC7CF /* ZWAutoLayoutTableViewController.m */,
			);
			name = AutoLayout;
			sourceTree = "<group>";
		};
/* End PBXGroup section */

/* Begin PBXNativeTarget section */
		0EC3AAB21D1CFA0A00615F05 /* iOSSampleCode */ = {
			isa = PBXNativeTarget;
			buildConfigurationList = 0EC3AAE01D1CFA0B00615F05 /* Build configuration list for PBXNativeTarget "iOSSampleCode" */;
			buildPhases = (
				0EC3AAAF1D1CFA0A00615F05 /* Sources */,
				0EC3AAB01D1CFA0A00615F05 /* Frameworks */,
				0EC3AAB11D1CFA0A00615F05 /* Resources */,
				0E0A35921D27B3AE00E97B62 /* ShellScript */,
				0E67FDCD1D37675B00929ACB /* Embed Frameworks */,
			);
			buildRules = (
			);
			dependencies = (
			);
			name = iOSSampleCode;
			productName = iOSSampleCode;
			productReference = 0EC3AAB31D1CFA0A00615F05 /* iOSSampleCode.app */;
			productType = "com.apple.product-type.application";
		};
		0EC3AACB1D1CFA0B00615F05 /* iOSSampleCodeTests */ = {
			isa = PBXNativeTarget;
			buildConfigurationList = 0EC3AAE31D1CFA0B00615F05 /* Build configuration list for PBXNativeTarget "iOSSampleCodeTests" */;
			buildPhases = (
				0EC3AAC81D1CFA0B00615F05 /* Sources */,
				0EC3AAC91D1CFA0B00615F05 /* Frameworks */,
				0EC3AACA1D1CFA0B00615F05 /* Resources */,
			);
			buildRules = (
			);
			dependencies = (
				0EC3AACE1D1CFA0B00615F05 /* PBXTargetDependency */,
			);
			name = iOSSampleCodeTests;
			productName = iOSSampleCodeTests;
			productReference = 0EC3AACC1D1CFA0B00615F05 /* iOSSampleCodeTests.xctest */;
			productType = "com.apple.product-type.bundle.unit-test";
		};
		0EC3AAD61D1CFA0B00615F05 /* iOSSampleCodeUITests */ = {
			isa = PBXNativeTarget;
			buildConfigurationList = 0EC3AAE61D1CFA0B00615F05 /* Build configuration list for PBXNativeTarget "iOSSampleCodeUITests" */;
			buildPhases = (
				0EC3AAD31D1CFA0B00615F05 /* Sources */,
				0EC3AAD41D1CFA0B00615F05 /* Frameworks */,
				0EC3AAD51D1CFA0B00615F05 /* Resources */,
			);
			buildRules = (
			);
			dependencies = (
				0EC3AAD91D1CFA0B00615F05 /* PBXTargetDependency */,
			);
			name = iOSSampleCodeUITests;
			productName = iOSSampleCodeUITests;
			productReference = 0EC3AAD71D1CFA0B00615F05 /* iOSSampleCodeUITests.xctest */;
			productType = "com.apple.product-type.bundle.ui-testing";
		};
/* End PBXNativeTarget section */

/* Begin PBXProject section */
		0EC3AAAB1D1CFA0A00615F05 /* Project object */ = {
			isa = PBXProject;
			attributes = {
				CLASSPREFIX = ZW;
				LastUpgradeCheck = 0730;
				ORGANIZATIONNAME = "钟武";
				TargetAttributes = {
					0EC3AAB21D1CFA0A00615F05 = {
						CreatedOnToolsVersion = 7.3.1;
						DevelopmentTeam = 9R74JVS7P9;
					};
					0EC3AACB1D1CFA0B00615F05 = {
						CreatedOnToolsVersion = 7.3.1;
						TestTargetID = 0EC3AAB21D1CFA0A00615F05;
					};
					0EC3AAD61D1CFA0B00615F05 = {
						CreatedOnToolsVersion = 7.3.1;
						TestTargetID = 0EC3AAB21D1CFA0A00615F05;
					};
				};
			};
			buildConfigurationList = 0EC3AAAE1D1CFA0A00615F05 /* Build configuration list for PBXProject "iOSSampleCode" */;
			compatibilityVersion = "Xcode 3.2";
			developmentRegion = English;
			hasScannedForEncodings = 0;
			knownRegions = (
				en,
				Base,
			);
			mainGroup = 0EC3AAAA1D1CFA0A00615F05;
			productRefGroup = 0EC3AAB41D1CFA0A00615F05 /* Products */;
			projectDirPath = "";
			projectRoot = "";
			targets = (
				0EC3AAB21D1CFA0A00615F05 /* iOSSampleCode */,
				0EC3AACB1D1CFA0B00615F05 /* iOSSampleCodeTests */,
				0EC3AAD61D1CFA0B00615F05 /* iOSSampleCodeUITests */,
			);
		};
/* End PBXProject section */

/* Begin PBXResourcesBuildPhase section */
		0EC3AAB11D1CFA0A00615F05 /* Resources */ = {
			isa = PBXResourcesBuildPhase;
			buildActionMask = 2147483647;
			files = (
				0E67FDC91D373AD500929ACB /* alices_adventures.md in Resources */,
				0E5354821D23D2C600C2ACAA /* images in Resources */,
				0E0A35941D27FDE100E97B62 /* Launch Screen.storyboard in Resources */,
				0E53546E1D23A9B500C2ACAA /* ad_page_pc.html in Resources */,
				0E8E6CE11D265CFF00579898 /* mapapi.bundle in Resources */,
				0EC3AAC31D1CFA0A00615F05 /* Assets.xcassets in Resources */,
				0E8E6CF81D2678BE00579898 /* USA-HotelMotel.csv in Resources */,
				0EC3AAC11D1CFA0A00615F05 /* Main.storyboard in Resources */,
			);
			runOnlyForDeploymentPostprocessing = 0;
		};
		0EC3AACA1D1CFA0B00615F05 /* Resources */ = {
			isa = PBXResourcesBuildPhase;
			buildActionMask = 2147483647;
			files = (
			);
			runOnlyForDeploymentPostprocessing = 0;
		};
		0EC3AAD51D1CFA0B00615F05 /* Resources */ = {
			isa = PBXResourcesBuildPhase;
			buildActionMask = 2147483647;
			files = (
			);
			runOnlyForDeploymentPostprocessing = 0;
		};
/* End PBXResourcesBuildPhase section */

/* Begin PBXShellScriptBuildPhase section */
		0E0A35921D27B3AE00E97B62 /* ShellScript */ = {
			isa = PBXShellScriptBuildPhase;
			buildActionMask = 2147483647;
			files = (
			);
			inputPaths = (
				"$(SRCROOT)/Carthage/Build/iOS/MBProgressHUD.framework",
			);
			outputPaths = (
			);
			runOnlyForDeploymentPostprocessing = 0;
			shellPath = /bin/sh;
			shellScript = "/usr/local/bin/carthage copy-frameworks";
		};
/* End PBXShellScriptBuildPhase section */

/* Begin PBXSourcesBuildPhase section */
		0EC3AAAF1D1CFA0A00615F05 /* Sources */ = {
			isa = PBXSourcesBuildPhase;
			buildActionMask = 2147483647;
			files = (
				0E4C0A581D21230F00AFC7CF /* ZWCocoaTouchTableViewController.m in Sources */,
				0EF3434A1D2AA6E80097B182 /* UIColor+ZWUtility.m in Sources */,
				0E5354631D23A1B600C2ACAA /* ZWURLProtocolController.m in Sources */,
				0E8E6CEE1D2668BD00579898 /* ZWCoordinateQuadTree.m in Sources */,
				0EC3AAEC1D1D1D1600615F05 /* ZWUnderconstrainedViewController.m in Sources */,
				0E5354671D23A25B00C2ACAA /* ZWHybridPackageProtocol.m in Sources */,
				0E7E3BA91D24F81700D51178 /* ZWNoteEditorViewController.m in Sources */,
				0EC3AABE1D1CFA0A00615F05 /* ViewController.m in Sources */,
				0E1E650F1D2A784F006AC82B /* ZWCollectionTableCellTableViewCell.m in Sources */,
				0E69BAD91D30C1C9006E159E /* ZWCGDrawView.m in Sources */,
				0E5354541D2362EF00C2ACAA /* ZWTextViewController.m in Sources */,
				0E4C0A471D20EFD000AFC7CF /* ZWBaseTableViewController.m in Sources */,
				0E8E6CED1D2668BD00579898 /* ZWQuadTree.m in Sources */,
				0E7E3B9F1D24D68B00D51178 /* ZWTextKitTableViewController.m in Sources */,
				0E7E3BA31D24F3B800D51178 /* ZWNote.m in Sources */,
				0E7E3BA61D24F42E00D51178 /* ZWTimeIndicatorView.m in Sources */,
				0E8324281D364C4A00540D82 /* ZWBookViewController.m in Sources */,
				0E5AF51C1D20E1A1009F9511 /* ZWHitTestView.m in Sources */,
				0E4C0A4F1D20F27700AFC7CF /* ZWBaseViewController.m in Sources */,
				0E69BADC1D313590006E159E /* ZWDrawViewController.m in Sources */,
				0E53545C1D23A11700C2ACAA /* ZWNetworkTableViewController.m in Sources */,
				0E83242B1D364CD100540D82 /* ZWBookView.m in Sources */,
				0E4C0A551D2122C100AFC7CF /* ZWAutoLayoutTableViewController.m in Sources */,
				0E8324251D364B3600540D82 /* ZWTextKitTopViewController.m in Sources */,
				0E4C0A4C1D20F15C00AFC7CF /* ZWHitTestViewController.m in Sources */,
				0E53546A1D23A35700C2ACAA /* ZWHybridPackageFileManager.m in Sources */,
				0E67FDD41D376D6400929ACB /* ZWMarkdownParser.m in Sources */,
				0EC3AABB1D1CFA0A00615F05 /* AppDelegate.mm in Sources */,
				0E8E6CE41D265DA300579898 /* ZWBaiduMapViewController.m in Sources */,
				0E7E3BAC1D25168200D51178 /* ZWSyntaxHighlightTextStorage.m in Sources */,
				0E1E650C1D2A779C006AC82B /* ZWCollectionTableViewController.m in Sources */,
				0E8E6CF21D2668DB00579898 /* ZWClusterAnnotationView.m in Sources */,
				0EC3AAB81D1CFA0A00615F05 /* main.m in Sources */,
				0EA6C6C61D33B27A00358959 /* ZWDynamicsViewController.m in Sources */,
				0E8E6CEF1D2668BD00579898 /* ZWClusterAnnotation.m in Sources */,
				0E51409F1D24C654009672FA /* ZWBaseTableViewCell.m in Sources */,
			);
			runOnlyForDeploymentPostprocessing = 0;
		};
		0EC3AAC81D1CFA0B00615F05 /* Sources */ = {
			isa = PBXSourcesBuildPhase;
			buildActionMask = 2147483647;
			files = (
				0EC3AAD11D1CFA0B00615F05 /* iOSSampleCodeTests.m in Sources */,
			);
			runOnlyForDeploymentPostprocessing = 0;
		};
		0EC3AAD31D1CFA0B00615F05 /* Sources */ = {
			isa = PBXSourcesBuildPhase;
			buildActionMask = 2147483647;
			files = (
				0EC3AADC1D1CFA0B00615F05 /* iOSSampleCodeUITests.m in Sources */,
			);
			runOnlyForDeploymentPostprocessing = 0;
		};
/* End PBXSourcesBuildPhase section */

/* Begin PBXTargetDependency section */
		0EC3AACE1D1CFA0B00615F05 /* PBXTargetDependency */ = {
			isa = PBXTargetDependency;
			target = 0EC3AAB21D1CFA0A00615F05 /* iOSSampleCode */;
			targetProxy = 0EC3AACD1D1CFA0B00615F05 /* PBXContainerItemProxy */;
		};
		0EC3AAD91D1CFA0B00615F05 /* PBXTargetDependency */ = {
			isa = PBXTargetDependency;
			target = 0EC3AAB21D1CFA0A00615F05 /* iOSSampleCode */;
			targetProxy = 0EC3AAD81D1CFA0B00615F05 /* PBXContainerItemProxy */;
		};
/* End PBXTargetDependency section */

/* Begin PBXVariantGroup section */
		0EC3AABF1D1CFA0A00615F05 /* Main.storyboard */ = {
			isa = PBXVariantGroup;
			children = (
				0EC3AAC01D1CFA0A00615F05 /* Base */,
			);
			name = Main.storyboard;
			sourceTree = "<group>";
		};
/* End PBXVariantGroup section */

/* Begin XCBuildConfiguration section */
		0EC3AADE1D1CFA0B00615F05 /* Debug */ = {
			isa = XCBuildConfiguration;
			buildSettings = {
				ALWAYS_SEARCH_USER_PATHS = NO;
				CLANG_ANALYZER_NONNULL = YES;
				CLANG_CXX_LANGUAGE_STANDARD = "gnu++0x";
				CLANG_CXX_LIBRARY = "libc++";
				CLANG_ENABLE_MODULES = YES;
				CLANG_ENABLE_OBJC_ARC = YES;
				CLANG_WARN_BOOL_CONVERSION = YES;
				CLANG_WARN_CONSTANT_CONVERSION = YES;
				CLANG_WARN_DIRECT_OBJC_ISA_USAGE = YES_ERROR;
				CLANG_WARN_EMPTY_BODY = YES;
				CLANG_WARN_ENUM_CONVERSION = YES;
				CLANG_WARN_INT_CONVERSION = YES;
				CLANG_WARN_OBJC_ROOT_CLASS = YES_ERROR;
				CLANG_WARN_UNREACHABLE_CODE = YES;
				CLANG_WARN__DUPLICATE_METHOD_MATCH = YES;
				"CODE_SIGN_IDENTITY[sdk=iphoneos*]" = "iPhone Developer";
				COPY_PHASE_STRIP = NO;
				DEBUG_INFORMATION_FORMAT = dwarf;
				ENABLE_STRICT_OBJC_MSGSEND = YES;
				ENABLE_TESTABILITY = YES;
				GCC_C_LANGUAGE_STANDARD = gnu99;
				GCC_DYNAMIC_NO_PIC = NO;
				GCC_NO_COMMON_BLOCKS = YES;
				GCC_OPTIMIZATION_LEVEL = 0;
				GCC_PREPROCESSOR_DEFINITIONS = (
					"DEBUG=1",
					"$(inherited)",
				);
				GCC_WARN_64_TO_32_BIT_CONVERSION = YES;
				GCC_WARN_ABOUT_RETURN_TYPE = YES_ERROR;
				GCC_WARN_UNDECLARED_SELECTOR = YES;
				GCC_WARN_UNINITIALIZED_AUTOS = YES_AGGRESSIVE;
				GCC_WARN_UNUSED_FUNCTION = YES;
				GCC_WARN_UNUSED_VARIABLE = YES;
				IPHONEOS_DEPLOYMENT_TARGET = 9.3;
				MTL_ENABLE_DEBUG_INFO = YES;
				ONLY_ACTIVE_ARCH = YES;
				SDKROOT = iphoneos;
			};
			name = Debug;
		};
		0EC3AADF1D1CFA0B00615F05 /* Release */ = {
			isa = XCBuildConfiguration;
			buildSettings = {
				ALWAYS_SEARCH_USER_PATHS = NO;
				CLANG_ANALYZER_NONNULL = YES;
				CLANG_CXX_LANGUAGE_STANDARD = "gnu++0x";
				CLANG_CXX_LIBRARY = "libc++";
				CLANG_ENABLE_MODULES = YES;
				CLANG_ENABLE_OBJC_ARC = YES;
				CLANG_WARN_BOOL_CONVERSION = YES;
				CLANG_WARN_CONSTANT_CONVERSION = YES;
				CLANG_WARN_DIRECT_OBJC_ISA_USAGE = YES_ERROR;
				CLANG_WARN_EMPTY_BODY = YES;
				CLANG_WARN_ENUM_CONVERSION = YES;
				CLANG_WARN_INT_CONVERSION = YES;
				CLANG_WARN_OBJC_ROOT_CLASS = YES_ERROR;
				CLANG_WARN_UNREACHABLE_CODE = YES;
				CLANG_WARN__DUPLICATE_METHOD_MATCH = YES;
				"CODE_SIGN_IDENTITY[sdk=iphoneos*]" = "iPhone Developer";
				COPY_PHASE_STRIP = NO;
				DEBUG_INFORMATION_FORMAT = "dwarf-with-dsym";
				ENABLE_NS_ASSERTIONS = NO;
				ENABLE_STRICT_OBJC_MSGSEND = YES;
				GCC_C_LANGUAGE_STANDARD = gnu99;
				GCC_NO_COMMON_BLOCKS = YES;
				GCC_WARN_64_TO_32_BIT_CONVERSION = YES;
				GCC_WARN_ABOUT_RETURN_TYPE = YES_ERROR;
				GCC_WARN_UNDECLARED_SELECTOR = YES;
				GCC_WARN_UNINITIALIZED_AUTOS = YES_AGGRESSIVE;
				GCC_WARN_UNUSED_FUNCTION = YES;
				GCC_WARN_UNUSED_VARIABLE = YES;
				IPHONEOS_DEPLOYMENT_TARGET = 9.3;
				MTL_ENABLE_DEBUG_INFO = NO;
				SDKROOT = iphoneos;
				VALIDATE_PRODUCT = YES;
			};
			name = Release;
		};
		0EC3AAE11D1CFA0B00615F05 /* Debug */ = {
			isa = XCBuildConfiguration;
			buildSettings = {
				ASSETCATALOG_COMPILER_APPICON_NAME = AppIcon;
				CODE_SIGN_IDENTITY = "iPhone Developer";
				"CODE_SIGN_IDENTITY[sdk=iphoneos*]" = "iPhone Developer";
				FRAMEWORK_SEARCH_PATHS = (
					"$(inherited)",
					"$(PROJECT_DIR)/iOSSampleCode",
					"$(PROJECT_DIR)/Carthage/Build/iOS",
				);
				GCC_INCREASE_PRECOMPILED_HEADER_SHARING = NO;
				GCC_INPUT_FILETYPE = sourcecode.cpp.objcpp;
				GCC_PRECOMPILE_PREFIX_HEADER = YES;
				GCC_PREFIX_HEADER = iOSSampleCode.pch;
				INFOPLIST_FILE = iOSSampleCode/Info.plist;
				LD_RUNPATH_SEARCH_PATHS = "$(inherited) @executable_path/Frameworks";
				OTHER_LDFLAGS = "-ObjC";
				PRODUCT_BUNDLE_IDENTIFIER = zhongwu.iOSSampleCode;
				PRODUCT_NAME = "$(TARGET_NAME)";
				PROVISIONING_PROFILE = "";
			};
			name = Debug;
		};
		0EC3AAE21D1CFA0B00615F05 /* Release */ = {
			isa = XCBuildConfiguration;
			buildSettings = {
				ASSETCATALOG_COMPILER_APPICON_NAME = AppIcon;
				CODE_SIGN_IDENTITY = "iPhone Developer";
				"CODE_SIGN_IDENTITY[sdk=iphoneos*]" = "iPhone Developer";
				FRAMEWORK_SEARCH_PATHS = (
					"$(inherited)",
					"$(PROJECT_DIR)/iOSSampleCode",
					"$(PROJECT_DIR)/Carthage/Build/iOS",
				);
				GCC_INCREASE_PRECOMPILED_HEADER_SHARING = NO;
				GCC_INPUT_FILETYPE = sourcecode.cpp.objcpp;
				GCC_PRECOMPILE_PREFIX_HEADER = YES;
				GCC_PREFIX_HEADER = iOSSampleCode.pch;
				INFOPLIST_FILE = iOSSampleCode/Info.plist;
				LD_RUNPATH_SEARCH_PATHS = "$(inherited) @executable_path/Frameworks";
				OTHER_LDFLAGS = "-ObjC";
				PRODUCT_BUNDLE_IDENTIFIER = zhongwu.iOSSampleCode;
				PRODUCT_NAME = "$(TARGET_NAME)";
				PROVISIONING_PROFILE = "";
			};
			name = Release;
		};
		0EC3AAE41D1CFA0B00615F05 /* Debug */ = {
			isa = XCBuildConfiguration;
			buildSettings = {
				BUNDLE_LOADER = "$(TEST_HOST)";
				INFOPLIST_FILE = iOSSampleCodeTests/Info.plist;
				LD_RUNPATH_SEARCH_PATHS = "$(inherited) @executable_path/Frameworks @loader_path/Frameworks";
				PRODUCT_BUNDLE_IDENTIFIER = zhongwu.iOSSampleCodeTests;
				PRODUCT_NAME = "$(TARGET_NAME)";
				TEST_HOST = "$(BUILT_PRODUCTS_DIR)/iOSSampleCode.app/iOSSampleCode";
			};
			name = Debug;
		};
		0EC3AAE51D1CFA0B00615F05 /* Release */ = {
			isa = XCBuildConfiguration;
			buildSettings = {
				BUNDLE_LOADER = "$(TEST_HOST)";
				INFOPLIST_FILE = iOSSampleCodeTests/Info.plist;
				LD_RUNPATH_SEARCH_PATHS = "$(inherited) @executable_path/Frameworks @loader_path/Frameworks";
				PRODUCT_BUNDLE_IDENTIFIER = zhongwu.iOSSampleCodeTests;
				PRODUCT_NAME = "$(TARGET_NAME)";
				TEST_HOST = "$(BUILT_PRODUCTS_DIR)/iOSSampleCode.app/iOSSampleCode";
			};
			name = Release;
		};
		0EC3AAE71D1CFA0B00615F05 /* Debug */ = {
			isa = XCBuildConfiguration;
			buildSettings = {
				INFOPLIST_FILE = iOSSampleCodeUITests/Info.plist;
				LD_RUNPATH_SEARCH_PATHS = "$(inherited) @executable_path/Frameworks @loader_path/Frameworks";
				PRODUCT_BUNDLE_IDENTIFIER = zhongwu.iOSSampleCodeUITests;
				PRODUCT_NAME = "$(TARGET_NAME)";
				TEST_TARGET_NAME = iOSSampleCode;
			};
			name = Debug;
		};
		0EC3AAE81D1CFA0B00615F05 /* Release */ = {
			isa = XCBuildConfiguration;
			buildSettings = {
				INFOPLIST_FILE = iOSSampleCodeUITests/Info.plist;
				LD_RUNPATH_SEARCH_PATHS = "$(inherited) @executable_path/Frameworks @loader_path/Frameworks";
				PRODUCT_BUNDLE_IDENTIFIER = zhongwu.iOSSampleCodeUITests;
				PRODUCT_NAME = "$(TARGET_NAME)";
				TEST_TARGET_NAME = iOSSampleCode;
			};
			name = Release;
		};
/* End XCBuildConfiguration section */

/* Begin XCConfigurationList section */
		0EC3AAAE1D1CFA0A00615F05 /* Build configuration list for PBXProject "iOSSampleCode" */ = {
			isa = XCConfigurationList;
			buildConfigurations = (
				0EC3AADE1D1CFA0B00615F05 /* Debug */,
				0EC3AADF1D1CFA0B00615F05 /* Release */,
			);
			defaultConfigurationIsVisible = 0;
			defaultConfigurationName = Release;
		};
		0EC3AAE01D1CFA0B00615F05 /* Build configuration list for PBXNativeTarget "iOSSampleCode" */ = {
			isa = XCConfigurationList;
			buildConfigurations = (
				0EC3AAE11D1CFA0B00615F05 /* Debug */,
				0EC3AAE21D1CFA0B00615F05 /* Release */,
			);
			defaultConfigurationIsVisible = 0;
			defaultConfigurationName = Release;
		};
		0EC3AAE31D1CFA0B00615F05 /* Build configuration list for PBXNativeTarget "iOSSampleCodeTests" */ = {
			isa = XCConfigurationList;
			buildConfigurations = (
				0EC3AAE41D1CFA0B00615F05 /* Debug */,
				0EC3AAE51D1CFA0B00615F05 /* Release */,
			);
			defaultConfigurationIsVisible = 0;
			defaultConfigurationName = Release;
		};
		0EC3AAE61D1CFA0B00615F05 /* Build configuration list for PBXNativeTarget "iOSSampleCodeUITests" */ = {
			isa = XCConfigurationList;
			buildConfigurations = (
				0EC3AAE71D1CFA0B00615F05 /* Debug */,
				0EC3AAE81D1CFA0B00615F05 /* Release */,
			);
			defaultConfigurationIsVisible = 0;
			defaultConfigurationName = Release;
		};
/* End XCConfigurationList section */
	};
	rootObject = 0EC3AAAB1D1CFA0A00615F05 /* Project object */;
}
